
Microsoft Visual Studio Solution File, Format Version 12.00
# Visual Studio Version 17
VisualStudioVersion = 17.10.35013.160
MinimumVisualStudioVersion = 10.0.40219.1
Project("{FAE04EC0-301F-11D3-BF4B-00C04F79EFBC}") = "RPN", "RPN\RPN.csproj", "{F6611BCE-833B-478F-8006-4411045CD09B}"
EndProject
Project("{FAE04EC0-301F-11D3-BF4B-00C04F79EFBC}") = "TestProject1", "TestProject1\TestProject1.csproj", "{379CDC41-03CA-4636-AF9A-DDF29293F493}"
EndProject
Global
	GlobalSection(SolutionConfigurationPlatforms) = preSolution
		Debug|Any CPU = Debug|Any CPU
		Release|Any CPU = Release|Any CPU
	EndGlobalSection
	GlobalSection(ProjectConfigurationPlatforms) = postSolution
		{F6611BCE-833B-478F-8006-4411045CD09B}.Debug|Any CPU.ActiveCfg = Debug|Any CPU
		{F6611BCE-833B-478F-8006-4411045CD09B}.Debug|Any CPU.Build.0 = Debug|Any CPU
		{F6611BCE-833B-478F-8006-4411045CD09B}.Release|Any CPU.ActiveCfg = Release|Any CPU
		{F6611BCE-833B-478F-8006-4411045CD09B}.Release|Any CPU.Build.0 = Release|Any CPU
		{379CDC41-03CA-4636-AF9A-DDF29293F493}.Debug|Any CPU.ActiveCfg = Debug|Any CPU
		{379CDC41-03CA-4636-AF9A-DDF29293F493}.Debug|Any CPU.Build.0 = Debug|Any CPU
		{379CDC41-03CA-4636-AF9A-DDF29293F493}.Release|Any CPU.ActiveCfg = Release|Any CPU
		{379CDC41-03CA-4636-AF9A-DDF29293F493}.Release|Any CPU.Build.0 = Release|Any CPU
	EndGlobalSection
	GlobalSection(SolutionProperties) = preSolution
		HideSolutionNode = FALSE
	EndGlobalSection
	GlobalSection(ExtensibilityGlobals) = postSolution
		SolutionGuid = {FBDDBA07-F8E5-4B20-96A4-CFEFA9D40B41}
	EndGlobalSection
EndGlobal
